
Microsoft Visual Studio Solution File, Format Version 12.00
# Visual Studio Version 17
VisualStudioVersion = 17.9.34714.143
MinimumVisualStudioVersion = 10.0.40219.1
Project("{FAE04EC0-301F-11D3-BF4B-00C04F79EFBC}") = "serial1Exercice", "serial1Exercice\serial1Exercice.csproj", "{9544ADA8-4C6A-4939-A2CE-53282662E46E}"
EndProject
Global
	GlobalSection(SolutionConfigurationPlatforms) = preSolution
		Debug|Any CPU = Debug|Any CPU
		Release|Any CPU = Release|Any CPU
	EndGlobalSection
	GlobalSection(ProjectConfigurationPlatforms) = postSolution
		{9544ADA8-4C6A-4939-A2CE-53282662E46E}.Debug|Any CPU.ActiveCfg = Debug|Any CPU
		{9544ADA8-4C6A-4939-A2CE-53282662E46E}.Debug|Any CPU.Build.0 = Debug|Any CPU
		{9544ADA8-4C6A-4939-A2CE-53282662E46E}.Release|Any CPU.ActiveCfg = Release|Any CPU
		{9544ADA8-4C6A-4939-A2CE-53282662E46E}.Release|Any CPU.Build.0 = Release|Any CPU
	EndGlobalSection
	GlobalSection(SolutionProperties) = preSolution
		HideSolutionNode = FALSE
	EndGlobalSection
	GlobalSection(ExtensibilityGlobals) = postSolution
		SolutionGuid = {31A36590-8AE4-4DB8-A0FE-2610D289206F}
	EndGlobalSection
EndGlobal
