
Microsoft Visual Studio Solution File, Format Version 12.00
# Visual Studio Version 17
VisualStudioVersion = 17.9.34714.143
MinimumVisualStudioVersion = 10.0.40219.1
Project("{FAE04EC0-301F-11D3-BF4B-00C04F79EFBC}") = "ntp1Exercice", "ntp1Exercice\ntp1Exercice.csproj", "{6BD9725F-BC9B-46AF-BEFD-02C5A53E871E}"
EndProject
Global
	GlobalSection(SolutionConfigurationPlatforms) = preSolution
		Debug|Any CPU = Debug|Any CPU
		Release|Any CPU = Release|Any CPU
	EndGlobalSection
	GlobalSection(ProjectConfigurationPlatforms) = postSolution
		{6BD9725F-BC9B-46AF-BEFD-02C5A53E871E}.Debug|Any CPU.ActiveCfg = Debug|Any CPU
		{6BD9725F-BC9B-46AF-BEFD-02C5A53E871E}.Debug|Any CPU.Build.0 = Debug|Any CPU
		{6BD9725F-BC9B-46AF-BEFD-02C5A53E871E}.Release|Any CPU.ActiveCfg = Release|Any CPU
		{6BD9725F-BC9B-46AF-BEFD-02C5A53E871E}.Release|Any CPU.Build.0 = Release|Any CPU
	EndGlobalSection
	GlobalSection(SolutionProperties) = preSolution
		HideSolutionNode = FALSE
	EndGlobalSection
	GlobalSection(ExtensibilityGlobals) = postSolution
		SolutionGuid = {BDE1E53A-CB94-4479-A4A2-D95CAD51ABBA}
	EndGlobalSection
EndGlobal
